
Microsoft Visual Studio Solution File, Format Version 12.00
# Visual Studio Version 16
VisualStudioVersion = 16.0.28803.352
MinimumVisualStudioVersion = 10.0.40219.1
Project("{FAE04EC0-301F-11D3-BF4B-00C04F79EFBC}") = "Site2", "Site2\Site2.csproj", "{0CDBC8F9-531F-4068-A74B-FF5B90EA7E02}"
EndProject
Project("{FAE04EC0-301F-11D3-BF4B-00C04F79EFBC}") = "IS", "IS\IS.csproj", "{0EF1C0E7-C708-4FBA-85D0-7F8F5D98939D}"
EndProject
Project("{FAE04EC0-301F-11D3-BF4B-00C04F79EFBC}") = "Site1", "Site1\Site1.csproj", "{C1E33158-52A8-44E9-9912-629B137BDBA5}"
EndProject
Project("{FAE04EC0-301F-11D3-BF4B-00C04F79EFBC}") = "Site3.WebForms", "Site3.WebForms\Site3.WebForms.csproj", "{9283BEA0-ED07-4C05-9783-987A29910864}"
EndProject
Project("{FAE04EC0-301F-11D3-BF4B-00C04F79EFBC}") = "IS.WindowsAuth", "IS.WindowsAuth\IS.WindowsAuth.csproj", "{2BBA3242-7EB1-4B3D-93D8-7BB4DC124484}"
EndProject
Project("{FAE04EC0-301F-11D3-BF4B-00C04F79EFBC}") = "WpfApp1", "WpfApp1\WpfApp1.csproj", "{4DE47DD9-CBBC-4EEF-9426-2A60ADB1486F}"
EndProject
Project("{FAE04EC0-301F-11D3-BF4B-00C04F79EFBC}") = "Site1.Mvc5", "Site1.Mvc5\Site1.Mvc5.csproj", "{ACBC34EF-DD3B-4E3C-8DDD-E6BD1BC6A8A8}"
EndProject
Project("{FAE04EC0-301F-11D3-BF4B-00C04F79EFBC}") = "SharedLib", "SharedLib\SharedLib.csproj", "{AECD6372-560E-476F-B449-9007355133D5}"
EndProject
Project("{FAE04EC0-301F-11D3-BF4B-00C04F79EFBC}") = "IdSrv.Account.WebControl", "IdSrv.Account.WebControl\IdSrv.Account.WebControl.csproj", "{A689F854-6F74-4DA7-9458-0FBF028AD290}"
EndProject
Project("{FAE04EC0-301F-11D3-BF4B-00C04F79EFBC}") = "IdSrv.Account.WebControl.Tests", "IdSrv.Account.WebControl.Tests\IdSrv.Account.WebControl.Tests.csproj", "{5C5D40B0-B088-4333-83BC-27CB6B9A4737}"
EndProject
Project("{FAE04EC0-301F-11D3-BF4B-00C04F79EFBC}") = "IdSrv.Account.WebApi", "IdSrv.Account.WebApi\IdSrv.Account.WebApi.csproj", "{93C2A6BB-C73D-443F-81F7-201E6268506B}"
EndProject
Project("{FAE04EC0-301F-11D3-BF4B-00C04F79EFBC}") = "IdSrv.Account.Models", "IdSrv.Account.Models\IdSrv.Account.Models.csproj", "{A6EBA51E-320B-4C2E-B7F0-A8B7A96F7B1C}"
EndProject
Project("{FAE04EC0-301F-11D3-BF4B-00C04F79EFBC}") = "IdSrv.Account.WebApi.Tests", "IdSrv.Account.WebApi.Tests\IdSrv.Account.WebApi.Tests.csproj", "{767E353D-17A9-4831-869F-23BAEFE43035}"
EndProject
Project("{FAE04EC0-301F-11D3-BF4B-00C04F79EFBC}") = "IdSrv.Account.WebApi.IntegrationTests", "IdSrv.Account.WebApi.IntegrationTests\IdSrv.Account.WebApi.IntegrationTests.csproj", "{7FCFBE65-56F5-4ACF-8DD8-7C56EC2D5BE9}"
EndProject
Project("{FAE04EC0-301F-11D3-BF4B-00C04F79EFBC}") = "IdSrv.Server", "IdSrv.Server\IdSrv.Server.csproj", "{51202867-20BC-4148-AFF5-35D00DD8C54B}"
EndProject
Project("{FAE04EC0-301F-11D3-BF4B-00C04F79EFBC}") = "IdSrv.Connector", "IdSrv.Connector\IdSrv.Connector.csproj", "{68E30698-172D-43F9-960C-ACB26B67175A}"
EndProject
Project("{FAE04EC0-301F-11D3-BF4B-00C04F79EFBC}") = "IdSrv.AspNet.Helpers", "IdSrv.AspNet.Helpers\IdSrv.AspNet.Helpers.csproj", "{0F87CA34-0ADA-45A7-B7B6-E0DEFE198F22}"
EndProject
Project("{FAE04EC0-301F-11D3-BF4B-00C04F79EFBC}") = "Site2.Mvc5", "Site2.Mvc5\Site2.Mvc5.csproj", "{13792710-2225-4177-96DE-2B7DE57CD61B}"
EndProject
Global
	GlobalSection(SolutionConfigurationPlatforms) = preSolution
		Debug|Any CPU = Debug|Any CPU
		Debug|x64 = Debug|x64
		Debug|x86 = Debug|x86
		Release|Any CPU = Release|Any CPU
		Release|x64 = Release|x64
		Release|x86 = Release|x86
	EndGlobalSection
	GlobalSection(ProjectConfigurationPlatforms) = postSolution
		{0CDBC8F9-531F-4068-A74B-FF5B90EA7E02}.Debug|Any CPU.ActiveCfg = Debug|Any CPU
		{0CDBC8F9-531F-4068-A74B-FF5B90EA7E02}.Debug|Any CPU.Build.0 = Debug|Any CPU
		{0CDBC8F9-531F-4068-A74B-FF5B90EA7E02}.Debug|x64.ActiveCfg = Debug|x64
		{0CDBC8F9-531F-4068-A74B-FF5B90EA7E02}.Debug|x64.Build.0 = Debug|x64
		{0CDBC8F9-531F-4068-A74B-FF5B90EA7E02}.Debug|x86.ActiveCfg = Debug|x86
		{0CDBC8F9-531F-4068-A74B-FF5B90EA7E02}.Debug|x86.Build.0 = Debug|x86
		{0CDBC8F9-531F-4068-A74B-FF5B90EA7E02}.Release|Any CPU.ActiveCfg = Release|Any CPU
		{0CDBC8F9-531F-4068-A74B-FF5B90EA7E02}.Release|Any CPU.Build.0 = Release|Any CPU
		{0CDBC8F9-531F-4068-A74B-FF5B90EA7E02}.Release|x64.ActiveCfg = Release|x64
		{0CDBC8F9-531F-4068-A74B-FF5B90EA7E02}.Release|x64.Build.0 = Release|x64
		{0CDBC8F9-531F-4068-A74B-FF5B90EA7E02}.Release|x86.ActiveCfg = Release|x86
		{0CDBC8F9-531F-4068-A74B-FF5B90EA7E02}.Release|x86.Build.0 = Release|x86
		{0EF1C0E7-C708-4FBA-85D0-7F8F5D98939D}.Debug|Any CPU.ActiveCfg = Debug|Any CPU
		{0EF1C0E7-C708-4FBA-85D0-7F8F5D98939D}.Debug|Any CPU.Build.0 = Debug|Any CPU
		{0EF1C0E7-C708-4FBA-85D0-7F8F5D98939D}.Debug|x64.ActiveCfg = Debug|x64
		{0EF1C0E7-C708-4FBA-85D0-7F8F5D98939D}.Debug|x64.Build.0 = Debug|x64
		{0EF1C0E7-C708-4FBA-85D0-7F8F5D98939D}.Debug|x86.ActiveCfg = Debug|x86
		{0EF1C0E7-C708-4FBA-85D0-7F8F5D98939D}.Debug|x86.Build.0 = Debug|x86
		{0EF1C0E7-C708-4FBA-85D0-7F8F5D98939D}.Release|Any CPU.ActiveCfg = Release|Any CPU
		{0EF1C0E7-C708-4FBA-85D0-7F8F5D98939D}.Release|Any CPU.Build.0 = Release|Any CPU
		{0EF1C0E7-C708-4FBA-85D0-7F8F5D98939D}.Release|x64.ActiveCfg = Release|x64
		{0EF1C0E7-C708-4FBA-85D0-7F8F5D98939D}.Release|x64.Build.0 = Release|x64
		{0EF1C0E7-C708-4FBA-85D0-7F8F5D98939D}.Release|x86.ActiveCfg = Release|x86
		{0EF1C0E7-C708-4FBA-85D0-7F8F5D98939D}.Release|x86.Build.0 = Release|x86
		{C1E33158-52A8-44E9-9912-629B137BDBA5}.Debug|Any CPU.ActiveCfg = Debug|Any CPU
		{C1E33158-52A8-44E9-9912-629B137BDBA5}.Debug|Any CPU.Build.0 = Debug|Any CPU
		{C1E33158-52A8-44E9-9912-629B137BDBA5}.Debug|x64.ActiveCfg = Debug|x64
		{C1E33158-52A8-44E9-9912-629B137BDBA5}.Debug|x64.Build.0 = Debug|x64
		{C1E33158-52A8-44E9-9912-629B137BDBA5}.Debug|x86.ActiveCfg = Debug|x86
		{C1E33158-52A8-44E9-9912-629B137BDBA5}.Debug|x86.Build.0 = Debug|x86
		{C1E33158-52A8-44E9-9912-629B137BDBA5}.Release|Any CPU.ActiveCfg = Release|Any CPU
		{C1E33158-52A8-44E9-9912-629B137BDBA5}.Release|Any CPU.Build.0 = Release|Any CPU
		{C1E33158-52A8-44E9-9912-629B137BDBA5}.Release|x64.ActiveCfg = Release|x64
		{C1E33158-52A8-44E9-9912-629B137BDBA5}.Release|x64.Build.0 = Release|x64
		{C1E33158-52A8-44E9-9912-629B137BDBA5}.Release|x86.ActiveCfg = Release|x86
		{C1E33158-52A8-44E9-9912-629B137BDBA5}.Release|x86.Build.0 = Release|x86
		{9283BEA0-ED07-4C05-9783-987A29910864}.Debug|Any CPU.ActiveCfg = Debug|Any CPU
		{9283BEA0-ED07-4C05-9783-987A29910864}.Debug|Any CPU.Build.0 = Debug|Any CPU
		{9283BEA0-ED07-4C05-9783-987A29910864}.Debug|x64.ActiveCfg = Debug|x64
		{9283BEA0-ED07-4C05-9783-987A29910864}.Debug|x64.Build.0 = Debug|x64
		{9283BEA0-ED07-4C05-9783-987A29910864}.Debug|x86.ActiveCfg = Debug|x86
		{9283BEA0-ED07-4C05-9783-987A29910864}.Debug|x86.Build.0 = Debug|x86
		{9283BEA0-ED07-4C05-9783-987A29910864}.Release|Any CPU.ActiveCfg = Release|Any CPU
		{9283BEA0-ED07-4C05-9783-987A29910864}.Release|Any CPU.Build.0 = Release|Any CPU
		{9283BEA0-ED07-4C05-9783-987A29910864}.Release|x64.ActiveCfg = Release|x64
		{9283BEA0-ED07-4C05-9783-987A29910864}.Release|x64.Build.0 = Release|x64
		{9283BEA0-ED07-4C05-9783-987A29910864}.Release|x86.ActiveCfg = Release|x86
		{9283BEA0-ED07-4C05-9783-987A29910864}.Release|x86.Build.0 = Release|x86
		{2BBA3242-7EB1-4B3D-93D8-7BB4DC124484}.Debug|Any CPU.ActiveCfg = Debug|Any CPU
		{2BBA3242-7EB1-4B3D-93D8-7BB4DC124484}.Debug|Any CPU.Build.0 = Debug|Any CPU
		{2BBA3242-7EB1-4B3D-93D8-7BB4DC124484}.Debug|x64.ActiveCfg = Debug|x64
		{2BBA3242-7EB1-4B3D-93D8-7BB4DC124484}.Debug|x64.Build.0 = Debug|x64
		{2BBA3242-7EB1-4B3D-93D8-7BB4DC124484}.Debug|x86.ActiveCfg = Debug|x86
		{2BBA3242-7EB1-4B3D-93D8-7BB4DC124484}.Debug|x86.Build.0 = Debug|x86
		{2BBA3242-7EB1-4B3D-93D8-7BB4DC124484}.Release|Any CPU.ActiveCfg = Release|Any CPU
		{2BBA3242-7EB1-4B3D-93D8-7BB4DC124484}.Release|Any CPU.Build.0 = Release|Any CPU
		{2BBA3242-7EB1-4B3D-93D8-7BB4DC124484}.Release|x64.ActiveCfg = Release|x64
		{2BBA3242-7EB1-4B3D-93D8-7BB4DC124484}.Release|x64.Build.0 = Release|x64
		{2BBA3242-7EB1-4B3D-93D8-7BB4DC124484}.Release|x86.ActiveCfg = Release|x86
		{2BBA3242-7EB1-4B3D-93D8-7BB4DC124484}.Release|x86.Build.0 = Release|x86
		{4DE47DD9-CBBC-4EEF-9426-2A60ADB1486F}.Debug|Any CPU.ActiveCfg = Debug|Any CPU
		{4DE47DD9-CBBC-4EEF-9426-2A60ADB1486F}.Debug|Any CPU.Build.0 = Debug|Any CPU
		{4DE47DD9-CBBC-4EEF-9426-2A60ADB1486F}.Debug|x64.ActiveCfg = Debug|x64
		{4DE47DD9-CBBC-4EEF-9426-2A60ADB1486F}.Debug|x64.Build.0 = Debug|x64
		{4DE47DD9-CBBC-4EEF-9426-2A60ADB1486F}.Debug|x86.ActiveCfg = Debug|x86
		{4DE47DD9-CBBC-4EEF-9426-2A60ADB1486F}.Debug|x86.Build.0 = Debug|x86
		{4DE47DD9-CBBC-4EEF-9426-2A60ADB1486F}.Release|Any CPU.ActiveCfg = Release|Any CPU
		{4DE47DD9-CBBC-4EEF-9426-2A60ADB1486F}.Release|Any CPU.Build.0 = Release|Any CPU
		{4DE47DD9-CBBC-4EEF-9426-2A60ADB1486F}.Release|x64.ActiveCfg = Release|x64
		{4DE47DD9-CBBC-4EEF-9426-2A60ADB1486F}.Release|x64.Build.0 = Release|x64
		{4DE47DD9-CBBC-4EEF-9426-2A60ADB1486F}.Release|x86.ActiveCfg = Release|x86
		{4DE47DD9-CBBC-4EEF-9426-2A60ADB1486F}.Release|x86.Build.0 = Release|x86
		{ACBC34EF-DD3B-4E3C-8DDD-E6BD1BC6A8A8}.Debug|Any CPU.ActiveCfg = Debug|Any CPU
		{ACBC34EF-DD3B-4E3C-8DDD-E6BD1BC6A8A8}.Debug|Any CPU.Build.0 = Debug|Any CPU
		{ACBC34EF-DD3B-4E3C-8DDD-E6BD1BC6A8A8}.Debug|x64.ActiveCfg = Debug|x64
		{ACBC34EF-DD3B-4E3C-8DDD-E6BD1BC6A8A8}.Debug|x64.Build.0 = Debug|x64
		{ACBC34EF-DD3B-4E3C-8DDD-E6BD1BC6A8A8}.Debug|x86.ActiveCfg = Debug|x86
		{ACBC34EF-DD3B-4E3C-8DDD-E6BD1BC6A8A8}.Debug|x86.Build.0 = Debug|x86
		{ACBC34EF-DD3B-4E3C-8DDD-E6BD1BC6A8A8}.Release|Any CPU.ActiveCfg = Release|Any CPU
		{ACBC34EF-DD3B-4E3C-8DDD-E6BD1BC6A8A8}.Release|Any CPU.Build.0 = Release|Any CPU
		{ACBC34EF-DD3B-4E3C-8DDD-E6BD1BC6A8A8}.Release|x64.ActiveCfg = Release|x64
		{ACBC34EF-DD3B-4E3C-8DDD-E6BD1BC6A8A8}.Release|x64.Build.0 = Release|x64
		{ACBC34EF-DD3B-4E3C-8DDD-E6BD1BC6A8A8}.Release|x86.ActiveCfg = Release|x86
		{ACBC34EF-DD3B-4E3C-8DDD-E6BD1BC6A8A8}.Release|x86.Build.0 = Release|x86
		{AECD6372-560E-476F-B449-9007355133D5}.Debug|Any CPU.ActiveCfg = Debug|Any CPU
		{AECD6372-560E-476F-B449-9007355133D5}.Debug|Any CPU.Build.0 = Debug|Any CPU
		{AECD6372-560E-476F-B449-9007355133D5}.Debug|x64.ActiveCfg = Debug|x64
		{AECD6372-560E-476F-B449-9007355133D5}.Debug|x64.Build.0 = Debug|x64
		{AECD6372-560E-476F-B449-9007355133D5}.Debug|x86.ActiveCfg = Debug|x86
		{AECD6372-560E-476F-B449-9007355133D5}.Debug|x86.Build.0 = Debug|x86
		{AECD6372-560E-476F-B449-9007355133D5}.Release|Any CPU.ActiveCfg = Release|Any CPU
		{AECD6372-560E-476F-B449-9007355133D5}.Release|Any CPU.Build.0 = Release|Any CPU
		{AECD6372-560E-476F-B449-9007355133D5}.Release|x64.ActiveCfg = Release|x64
		{AECD6372-560E-476F-B449-9007355133D5}.Release|x64.Build.0 = Release|x64
		{AECD6372-560E-476F-B449-9007355133D5}.Release|x86.ActiveCfg = Release|x86
		{AECD6372-560E-476F-B449-9007355133D5}.Release|x86.Build.0 = Release|x86
		{A689F854-6F74-4DA7-9458-0FBF028AD290}.Debug|Any CPU.ActiveCfg = Debug|Any CPU
		{A689F854-6F74-4DA7-9458-0FBF028AD290}.Debug|Any CPU.Build.0 = Debug|Any CPU
		{A689F854-6F74-4DA7-9458-0FBF028AD290}.Debug|x64.ActiveCfg = Debug|Any CPU
		{A689F854-6F74-4DA7-9458-0FBF028AD290}.Debug|x64.Build.0 = Debug|Any CPU
		{A689F854-6F74-4DA7-9458-0FBF028AD290}.Debug|x86.ActiveCfg = Debug|Any CPU
		{A689F854-6F74-4DA7-9458-0FBF028AD290}.Debug|x86.Build.0 = Debug|Any CPU
		{A689F854-6F74-4DA7-9458-0FBF028AD290}.Release|Any CPU.ActiveCfg = Release|Any CPU
		{A689F854-6F74-4DA7-9458-0FBF028AD290}.Release|Any CPU.Build.0 = Release|Any CPU
		{A689F854-6F74-4DA7-9458-0FBF028AD290}.Release|x64.ActiveCfg = Release|Any CPU
		{A689F854-6F74-4DA7-9458-0FBF028AD290}.Release|x64.Build.0 = Release|Any CPU
		{A689F854-6F74-4DA7-9458-0FBF028AD290}.Release|x86.ActiveCfg = Release|Any CPU
		{A689F854-6F74-4DA7-9458-0FBF028AD290}.Release|x86.Build.0 = Release|Any CPU
		{5C5D40B0-B088-4333-83BC-27CB6B9A4737}.Debug|Any CPU.ActiveCfg = Debug|Any CPU
		{5C5D40B0-B088-4333-83BC-27CB6B9A4737}.Debug|Any CPU.Build.0 = Debug|Any CPU
		{5C5D40B0-B088-4333-83BC-27CB6B9A4737}.Debug|x64.ActiveCfg = Debug|Any CPU
		{5C5D40B0-B088-4333-83BC-27CB6B9A4737}.Debug|x64.Build.0 = Debug|Any CPU
		{5C5D40B0-B088-4333-83BC-27CB6B9A4737}.Debug|x86.ActiveCfg = Debug|Any CPU
		{5C5D40B0-B088-4333-83BC-27CB6B9A4737}.Debug|x86.Build.0 = Debug|Any CPU
		{5C5D40B0-B088-4333-83BC-27CB6B9A4737}.Release|Any CPU.ActiveCfg = Release|Any CPU
		{5C5D40B0-B088-4333-83BC-27CB6B9A4737}.Release|Any CPU.Build.0 = Release|Any CPU
		{5C5D40B0-B088-4333-83BC-27CB6B9A4737}.Release|x64.ActiveCfg = Release|Any CPU
		{5C5D40B0-B088-4333-83BC-27CB6B9A4737}.Release|x64.Build.0 = Release|Any CPU
		{5C5D40B0-B088-4333-83BC-27CB6B9A4737}.Release|x86.ActiveCfg = Release|Any CPU
		{5C5D40B0-B088-4333-83BC-27CB6B9A4737}.Release|x86.Build.0 = Release|Any CPU
		{93C2A6BB-C73D-443F-81F7-201E6268506B}.Debug|Any CPU.ActiveCfg = Debug|Any CPU
		{93C2A6BB-C73D-443F-81F7-201E6268506B}.Debug|Any CPU.Build.0 = Debug|Any CPU
		{93C2A6BB-C73D-443F-81F7-201E6268506B}.Debug|x64.ActiveCfg = Debug|Any CPU
		{93C2A6BB-C73D-443F-81F7-201E6268506B}.Debug|x64.Build.0 = Debug|Any CPU
		{93C2A6BB-C73D-443F-81F7-201E6268506B}.Debug|x86.ActiveCfg = Debug|Any CPU
		{93C2A6BB-C73D-443F-81F7-201E6268506B}.Debug|x86.Build.0 = Debug|Any CPU
		{93C2A6BB-C73D-443F-81F7-201E6268506B}.Release|Any CPU.ActiveCfg = Release|Any CPU
		{93C2A6BB-C73D-443F-81F7-201E6268506B}.Release|Any CPU.Build.0 = Release|Any CPU
		{93C2A6BB-C73D-443F-81F7-201E6268506B}.Release|x64.ActiveCfg = Release|Any CPU
		{93C2A6BB-C73D-443F-81F7-201E6268506B}.Release|x64.Build.0 = Release|Any CPU
		{93C2A6BB-C73D-443F-81F7-201E6268506B}.Release|x86.ActiveCfg = Release|Any CPU
		{93C2A6BB-C73D-443F-81F7-201E6268506B}.Release|x86.Build.0 = Release|Any CPU
		{A6EBA51E-320B-4C2E-B7F0-A8B7A96F7B1C}.Debug|Any CPU.ActiveCfg = Debug|Any CPU
		{A6EBA51E-320B-4C2E-B7F0-A8B7A96F7B1C}.Debug|Any CPU.Build.0 = Debug|Any CPU
		{A6EBA51E-320B-4C2E-B7F0-A8B7A96F7B1C}.Debug|x64.ActiveCfg = Debug|Any CPU
		{A6EBA51E-320B-4C2E-B7F0-A8B7A96F7B1C}.Debug|x64.Build.0 = Debug|Any CPU
		{A6EBA51E-320B-4C2E-B7F0-A8B7A96F7B1C}.Debug|x86.ActiveCfg = Debug|Any CPU
		{A6EBA51E-320B-4C2E-B7F0-A8B7A96F7B1C}.Debug|x86.Build.0 = Debug|Any CPU
		{A6EBA51E-320B-4C2E-B7F0-A8B7A96F7B1C}.Release|Any CPU.ActiveCfg = Release|Any CPU
		{A6EBA51E-320B-4C2E-B7F0-A8B7A96F7B1C}.Release|Any CPU.Build.0 = Release|Any CPU
		{A6EBA51E-320B-4C2E-B7F0-A8B7A96F7B1C}.Release|x64.ActiveCfg = Release|Any CPU
		{A6EBA51E-320B-4C2E-B7F0-A8B7A96F7B1C}.Release|x64.Build.0 = Release|Any CPU
		{A6EBA51E-320B-4C2E-B7F0-A8B7A96F7B1C}.Release|x86.ActiveCfg = Release|Any CPU
		{A6EBA51E-320B-4C2E-B7F0-A8B7A96F7B1C}.Release|x86.Build.0 = Release|Any CPU
		{767E353D-17A9-4831-869F-23BAEFE43035}.Debug|Any CPU.ActiveCfg = Debug|Any CPU
		{767E353D-17A9-4831-869F-23BAEFE43035}.Debug|Any CPU.Build.0 = Debug|Any CPU
		{767E353D-17A9-4831-869F-23BAEFE43035}.Debug|x64.ActiveCfg = Debug|Any CPU
		{767E353D-17A9-4831-869F-23BAEFE43035}.Debug|x64.Build.0 = Debug|Any CPU
		{767E353D-17A9-4831-869F-23BAEFE43035}.Debug|x86.ActiveCfg = Debug|Any CPU
		{767E353D-17A9-4831-869F-23BAEFE43035}.Debug|x86.Build.0 = Debug|Any CPU
		{767E353D-17A9-4831-869F-23BAEFE43035}.Release|Any CPU.ActiveCfg = Release|Any CPU
		{767E353D-17A9-4831-869F-23BAEFE43035}.Release|Any CPU.Build.0 = Release|Any CPU
		{767E353D-17A9-4831-869F-23BAEFE43035}.Release|x64.ActiveCfg = Release|Any CPU
		{767E353D-17A9-4831-869F-23BAEFE43035}.Release|x64.Build.0 = Release|Any CPU
		{767E353D-17A9-4831-869F-23BAEFE43035}.Release|x86.ActiveCfg = Release|Any CPU
		{767E353D-17A9-4831-869F-23BAEFE43035}.Release|x86.Build.0 = Release|Any CPU
		{7FCFBE65-56F5-4ACF-8DD8-7C56EC2D5BE9}.Debug|Any CPU.ActiveCfg = Debug|Any CPU
		{7FCFBE65-56F5-4ACF-8DD8-7C56EC2D5BE9}.Debug|Any CPU.Build.0 = Debug|Any CPU
		{7FCFBE65-56F5-4ACF-8DD8-7C56EC2D5BE9}.Debug|x64.ActiveCfg = Debug|Any CPU
		{7FCFBE65-56F5-4ACF-8DD8-7C56EC2D5BE9}.Debug|x64.Build.0 = Debug|Any CPU
		{7FCFBE65-56F5-4ACF-8DD8-7C56EC2D5BE9}.Debug|x86.ActiveCfg = Debug|Any CPU
		{7FCFBE65-56F5-4ACF-8DD8-7C56EC2D5BE9}.Debug|x86.Build.0 = Debug|Any CPU
		{7FCFBE65-56F5-4ACF-8DD8-7C56EC2D5BE9}.Release|Any CPU.ActiveCfg = Release|Any CPU
		{7FCFBE65-56F5-4ACF-8DD8-7C56EC2D5BE9}.Release|Any CPU.Build.0 = Release|Any CPU
		{7FCFBE65-56F5-4ACF-8DD8-7C56EC2D5BE9}.Release|x64.ActiveCfg = Release|Any CPU
		{7FCFBE65-56F5-4ACF-8DD8-7C56EC2D5BE9}.Release|x64.Build.0 = Release|Any CPU
		{7FCFBE65-56F5-4ACF-8DD8-7C56EC2D5BE9}.Release|x86.ActiveCfg = Release|Any CPU
		{7FCFBE65-56F5-4ACF-8DD8-7C56EC2D5BE9}.Release|x86.Build.0 = Release|Any CPU
		{51202867-20BC-4148-AFF5-35D00DD8C54B}.Debug|Any CPU.ActiveCfg = Debug|Any CPU
		{51202867-20BC-4148-AFF5-35D00DD8C54B}.Debug|Any CPU.Build.0 = Debug|Any CPU
		{51202867-20BC-4148-AFF5-35D00DD8C54B}.Debug|x64.ActiveCfg = Debug|Any CPU
		{51202867-20BC-4148-AFF5-35D00DD8C54B}.Debug|x64.Build.0 = Debug|Any CPU
		{51202867-20BC-4148-AFF5-35D00DD8C54B}.Debug|x86.ActiveCfg = Debug|Any CPU
		{51202867-20BC-4148-AFF5-35D00DD8C54B}.Debug|x86.Build.0 = Debug|Any CPU
		{51202867-20BC-4148-AFF5-35D00DD8C54B}.Release|Any CPU.ActiveCfg = Release|Any CPU
		{51202867-20BC-4148-AFF5-35D00DD8C54B}.Release|Any CPU.Build.0 = Release|Any CPU
		{51202867-20BC-4148-AFF5-35D00DD8C54B}.Release|x64.ActiveCfg = Release|Any CPU
		{51202867-20BC-4148-AFF5-35D00DD8C54B}.Release|x64.Build.0 = Release|Any CPU
		{51202867-20BC-4148-AFF5-35D00DD8C54B}.Release|x86.ActiveCfg = Release|Any CPU
		{51202867-20BC-4148-AFF5-35D00DD8C54B}.Release|x86.Build.0 = Release|Any CPU
		{68E30698-172D-43F9-960C-ACB26B67175A}.Debug|Any CPU.ActiveCfg = Debug|Any CPU
		{68E30698-172D-43F9-960C-ACB26B67175A}.Debug|Any CPU.Build.0 = Debug|Any CPU
		{68E30698-172D-43F9-960C-ACB26B67175A}.Debug|x64.ActiveCfg = Debug|Any CPU
		{68E30698-172D-43F9-960C-ACB26B67175A}.Debug|x64.Build.0 = Debug|Any CPU
		{68E30698-172D-43F9-960C-ACB26B67175A}.Debug|x86.ActiveCfg = Debug|Any CPU
		{68E30698-172D-43F9-960C-ACB26B67175A}.Debug|x86.Build.0 = Debug|Any CPU
		{68E30698-172D-43F9-960C-ACB26B67175A}.Release|Any CPU.ActiveCfg = Release|Any CPU
		{68E30698-172D-43F9-960C-ACB26B67175A}.Release|Any CPU.Build.0 = Release|Any CPU
		{68E30698-172D-43F9-960C-ACB26B67175A}.Release|x64.ActiveCfg = Release|Any CPU
		{68E30698-172D-43F9-960C-ACB26B67175A}.Release|x64.Build.0 = Release|Any CPU
		{68E30698-172D-43F9-960C-ACB26B67175A}.Release|x86.ActiveCfg = Release|Any CPU
		{68E30698-172D-43F9-960C-ACB26B67175A}.Release|x86.Build.0 = Release|Any CPU
		{0F87CA34-0ADA-45A7-B7B6-E0DEFE198F22}.Debug|Any CPU.ActiveCfg = Debug|Any CPU
		{0F87CA34-0ADA-45A7-B7B6-E0DEFE198F22}.Debug|Any CPU.Build.0 = Debug|Any CPU
		{0F87CA34-0ADA-45A7-B7B6-E0DEFE198F22}.Debug|x64.ActiveCfg = Debug|Any CPU
		{0F87CA34-0ADA-45A7-B7B6-E0DEFE198F22}.Debug|x64.Build.0 = Debug|Any CPU
		{0F87CA34-0ADA-45A7-B7B6-E0DEFE198F22}.Debug|x86.ActiveCfg = Debug|Any CPU
		{0F87CA34-0ADA-45A7-B7B6-E0DEFE198F22}.Debug|x86.Build.0 = Debug|Any CPU
		{0F87CA34-0ADA-45A7-B7B6-E0DEFE198F22}.Release|Any CPU.ActiveCfg = Release|Any CPU
		{0F87CA34-0ADA-45A7-B7B6-E0DEFE198F22}.Release|Any CPU.Build.0 = Release|Any CPU
		{0F87CA34-0ADA-45A7-B7B6-E0DEFE198F22}.Release|x64.ActiveCfg = Release|Any CPU
		{0F87CA34-0ADA-45A7-B7B6-E0DEFE198F22}.Release|x64.Build.0 = Release|Any CPU
		{0F87CA34-0ADA-45A7-B7B6-E0DEFE198F22}.Release|x86.ActiveCfg = Release|Any CPU
		{0F87CA34-0ADA-45A7-B7B6-E0DEFE198F22}.Release|x86.Build.0 = Release|Any CPU
		{13792710-2225-4177-96DE-2B7DE57CD61B}.Debug|Any CPU.ActiveCfg = Debug|Any CPU
		{13792710-2225-4177-96DE-2B7DE57CD61B}.Debug|Any CPU.Build.0 = Debug|Any CPU
		{13792710-2225-4177-96DE-2B7DE57CD61B}.Debug|x64.ActiveCfg = Debug|Any CPU
		{13792710-2225-4177-96DE-2B7DE57CD61B}.Debug|x64.Build.0 = Debug|Any CPU
		{13792710-2225-4177-96DE-2B7DE57CD61B}.Debug|x86.ActiveCfg = Debug|Any CPU
		{13792710-2225-4177-96DE-2B7DE57CD61B}.Debug|x86.Build.0 = Debug|Any CPU
		{13792710-2225-4177-96DE-2B7DE57CD61B}.Release|Any CPU.ActiveCfg = Release|Any CPU
		{13792710-2225-4177-96DE-2B7DE57CD61B}.Release|Any CPU.Build.0 = Release|Any CPU
		{13792710-2225-4177-96DE-2B7DE57CD61B}.Release|x64.ActiveCfg = Release|Any CPU
		{13792710-2225-4177-96DE-2B7DE57CD61B}.Release|x64.Build.0 = Release|Any CPU
		{13792710-2225-4177-96DE-2B7DE57CD61B}.Release|x86.ActiveCfg = Release|Any CPU
		{13792710-2225-4177-96DE-2B7DE57CD61B}.Release|x86.Build.0 = Release|Any CPU
	EndGlobalSection
	GlobalSection(SolutionProperties) = preSolution
		HideSolutionNode = FALSE
	EndGlobalSection
	GlobalSection(ExtensibilityGlobals) = postSolution
		SolutionGuid = {514B2856-2F90-4D9E-9EC5-15207AC78256}
	EndGlobalSection
EndGlobal
